# This file is generated by running "yarn install" inside your project.
# Manual changes might be lost - proceed with caution!

__metadata:
  version: 6
  cacheKey: 8

"@types/prop-types@npm:*":
  version: 15.7.3
  resolution: "@types/prop-types@npm:15.7.3"
  checksum: 41831d53c44c9eeafdaf9762bcb4553c13a3bbf990745ed9065a1cc3581b80633113b53fd49b202bf51731b258da5d0a9aa09c9035d5af7f78b0f6bc273f1325
  languageName: node
  linkType: hard

"@types/react-native@npm:*":
  version: 0.62.11
  resolution: "@types/react-native@npm:0.62.11"
  dependencies:
    "@types/react": "*"
  checksum: 782244e498e18baf5b83840d2d926ebd9e9a0cf2b8daf03c43fcb3745a9e9df6887a556e777140c311693f319c2ad71a28571ee47d8a13ee830434246b1b0c22
  languageName: node
  linkType: hard

"@types/react@npm:*":
  version: 16.9.35
  resolution: "@types/react@npm:16.9.35"
  dependencies:
    "@types/prop-types": "*"
    csstype: ^2.2.0
  checksum: 74c605999ac3e16b2560fdb477c53a3110e02696732902440075d6b8be193c9134bc29a339675e52df3903c9f9441b8281d9ff0ffa024399e6297d30afba8837
  languageName: node
  linkType: hard

"csstype@npm:^2.2.0":
  version: 2.6.10
  resolution: "csstype@npm:2.6.10"
  checksum: c2803b8f0b1c6fe935101435e72360afebf4f77044dea22af2e9574c61a51f2ba58c3c211d61b72013964a0ac1a84533e70dc62e6ef4934d391c0a6ca32311eb
  languageName: node
  linkType: hard

"react-native-yamap@workspace:.":
  version: 0.0.0-use.local
  resolution: "react-native-yamap@workspace:."
  dependencies:
    "@types/react": "*"
    "@types/react-native": "*"
    typescript: ^3.8.3
  peerDependencies:
    react: "*"
    react-native: "*"
  languageName: unknown
  linkType: soft

"typescript@npm:^3.8.3":
  version: 3.9.3
  resolution: "typescript@npm:3.9.3"
  bin:
    tsc: bin/tsc
    tsserver: bin/tsserver
  checksum: 8545da47e0d19aeabcce4a3eca41cc1b88cb136088e58eba1c00e425722dcb137b29cab9ebf8b53dd3be49e74cfb3372259255061c05dd46b9f6cc2f764be83c
  languageName: node
  linkType: hard

"typescript@patch:typescript@^3.8.3#~builtin<compat/typescript>":
  version: 3.9.3
  resolution: "typescript@patch:typescript@npm%3A3.9.3#~builtin<compat/typescript>::version=3.9.3&hash=3bd3d3"
  bin:
    tsc: bin/tsc
    tsserver: bin/tsserver
  checksum: 63a402035e2c94a5f3a2358fb42bcbd8b133e2798256c7f91db1b9c6d94cba791adec36ddf983d97df64c22ccb265c27ae2477c7aaab7a12a017f932aa07645f
  languageName: node
  linkType: hard
